
Microsoft Visual Studio Solution File, Format Version 12.00
# Visual Studio 2012
Project("{FAE04EC0-301F-11D3-BF4B-00C04F79EFBC}") = "Jetstream", "..\JetstreamAndroid\Jetstream\Jetstream.csproj", "{6CCA750A-C0AB-4148-85DC-063B41A6E4EB}"
EndProject
Project("{FAE04EC0-301F-11D3-BF4B-00C04F79EFBC}") = "JetStreamCommons", "..\JetStreamCommons\JetStreamCommons\JetStreamCommons.csproj", "{040C24CF-4B83-4917-B837-ED8157960B5F}"
EndProject
Global
	GlobalSection(SolutionConfigurationPlatforms) = preSolution
		Debug|Any CPU = Debug|Any CPU
		Release|Any CPU = Release|Any CPU
	EndGlobalSection
	GlobalSection(ProjectConfigurationPlatforms) = postSolution
		{040C24CF-4B83-4917-B837-ED8157960B5F}.Debug|Any CPU.ActiveCfg = Debug|Any CPU
		{040C24CF-4B83-4917-B837-ED8157960B5F}.Debug|Any CPU.Build.0 = Debug|Any CPU
		{040C24CF-4B83-4917-B837-ED8157960B5F}.Release|Any CPU.ActiveCfg = Release|Any CPU
		{040C24CF-4B83-4917-B837-ED8157960B5F}.Release|Any CPU.Build.0 = Release|Any CPU
		{6CCA750A-C0AB-4148-85DC-063B41A6E4EB}.Debug|Any CPU.ActiveCfg = Debug|Any CPU
		{6CCA750A-C0AB-4148-85DC-063B41A6E4EB}.Debug|Any CPU.Build.0 = Debug|Any CPU
		{6CCA750A-C0AB-4148-85DC-063B41A6E4EB}.Release|Any CPU.ActiveCfg = Release|Any CPU
		{6CCA750A-C0AB-4148-85DC-063B41A6E4EB}.Release|Any CPU.Build.0 = Release|Any CPU
	EndGlobalSection
	GlobalSection(MonoDevelopProperties) = preSolution
		StartupItem = ..\JetstreamAndroid\Jetstream\Jetstream.csproj
	EndGlobalSection
EndGlobal
