
Microsoft Visual Studio Solution File, Format Version 12.00
# Visual Studio 2012
Project("{FAE04EC0-301F-11D3-BF4B-00C04F79EFBC}") = "JetStreamIOSFull", "JetStreamIOSFull.csproj", "{44DF267C-3F87-45AA-B8D6-79E737824962}"
EndProject
Project("{FAE04EC0-301F-11D3-BF4B-00C04F79EFBC}") = "JetStreamIOSFull.UITests", "JetStreamIOSFull.UITests\JetStreamIOSFull.UITests.csproj", "{CEDF4323-9772-444E-B183-62EF370BA202}"
EndProject
Global
	GlobalSection(SolutionConfigurationPlatforms) = preSolution
		Debug|iPhoneSimulator = Debug|iPhoneSimulator
		Release|iPhone = Release|iPhone
		Release|iPhoneSimulator = Release|iPhoneSimulator
		Debug|iPhone = Debug|iPhone
		Debug|Any CPU = Debug|Any CPU
		Release|Any CPU = Release|Any CPU
	EndGlobalSection
	GlobalSection(ProjectConfigurationPlatforms) = postSolution
		{44DF267C-3F87-45AA-B8D6-79E737824962}.Debug|Any CPU.ActiveCfg = Debug|iPhoneSimulator
		{44DF267C-3F87-45AA-B8D6-79E737824962}.Debug|Any CPU.Build.0 = Debug|iPhoneSimulator
		{44DF267C-3F87-45AA-B8D6-79E737824962}.Debug|iPhone.ActiveCfg = Debug|iPhone
		{44DF267C-3F87-45AA-B8D6-79E737824962}.Debug|iPhone.Build.0 = Debug|iPhone
		{44DF267C-3F87-45AA-B8D6-79E737824962}.Debug|iPhoneSimulator.ActiveCfg = Debug|iPhoneSimulator
		{44DF267C-3F87-45AA-B8D6-79E737824962}.Debug|iPhoneSimulator.Build.0 = Debug|iPhoneSimulator
		{44DF267C-3F87-45AA-B8D6-79E737824962}.Release|Any CPU.ActiveCfg = Release|iPhone
		{44DF267C-3F87-45AA-B8D6-79E737824962}.Release|Any CPU.Build.0 = Release|iPhone
		{44DF267C-3F87-45AA-B8D6-79E737824962}.Release|iPhone.ActiveCfg = Release|iPhone
		{44DF267C-3F87-45AA-B8D6-79E737824962}.Release|iPhone.Build.0 = Release|iPhone
		{44DF267C-3F87-45AA-B8D6-79E737824962}.Release|iPhoneSimulator.ActiveCfg = Release|iPhoneSimulator
		{44DF267C-3F87-45AA-B8D6-79E737824962}.Release|iPhoneSimulator.Build.0 = Release|iPhoneSimulator
		{CEDF4323-9772-444E-B183-62EF370BA202}.Debug|Any CPU.ActiveCfg = Debug|Any CPU
		{CEDF4323-9772-444E-B183-62EF370BA202}.Debug|Any CPU.Build.0 = Debug|Any CPU
		{CEDF4323-9772-444E-B183-62EF370BA202}.Debug|iPhone.ActiveCfg = Debug|Any CPU
		{CEDF4323-9772-444E-B183-62EF370BA202}.Debug|iPhone.Build.0 = Debug|Any CPU
		{CEDF4323-9772-444E-B183-62EF370BA202}.Debug|iPhoneSimulator.ActiveCfg = Debug|Any CPU
		{CEDF4323-9772-444E-B183-62EF370BA202}.Debug|iPhoneSimulator.Build.0 = Debug|Any CPU
		{CEDF4323-9772-444E-B183-62EF370BA202}.Release|Any CPU.ActiveCfg = Release|Any CPU
		{CEDF4323-9772-444E-B183-62EF370BA202}.Release|Any CPU.Build.0 = Release|Any CPU
		{CEDF4323-9772-444E-B183-62EF370BA202}.Release|iPhone.ActiveCfg = Release|Any CPU
		{CEDF4323-9772-444E-B183-62EF370BA202}.Release|iPhone.Build.0 = Release|Any CPU
		{CEDF4323-9772-444E-B183-62EF370BA202}.Release|iPhoneSimulator.ActiveCfg = Release|Any CPU
		{CEDF4323-9772-444E-B183-62EF370BA202}.Release|iPhoneSimulator.Build.0 = Release|Any CPU
	EndGlobalSection
EndGlobal
